
Microsoft Visual Studio Solution File, Format Version 12.00
# Visual Studio Version 16
VisualStudioVersion = 16.0.32126.315
MinimumVisualStudioVersion = 10.0.40219.1
Project("{FAE04EC0-301F-11D3-BF4B-00C04F79EFBC}") = "demo1", "demo1\demo1.csproj", "{A05DA0BC-1FA6-4D7F-ABA8-01DA2DF36D7D}"
EndProject
Global
	GlobalSection(SolutionConfigurationPlatforms) = preSolution
		Debug|Any CPU = Debug|Any CPU
		Release|Any CPU = Release|Any CPU
	EndGlobalSection
	GlobalSection(ProjectConfigurationPlatforms) = postSolution
		{A05DA0BC-1FA6-4D7F-ABA8-01DA2DF36D7D}.Debug|Any CPU.ActiveCfg = Debug|Any CPU
		{A05DA0BC-1FA6-4D7F-ABA8-01DA2DF36D7D}.Debug|Any CPU.Build.0 = Debug|Any CPU
		{A05DA0BC-1FA6-4D7F-ABA8-01DA2DF36D7D}.Release|Any CPU.ActiveCfg = Release|Any CPU
		{A05DA0BC-1FA6-4D7F-ABA8-01DA2DF36D7D}.Release|Any CPU.Build.0 = Release|Any CPU
	EndGlobalSection
	GlobalSection(SolutionProperties) = preSolution
		HideSolutionNode = FALSE
	EndGlobalSection
	GlobalSection(ExtensibilityGlobals) = postSolution
		SolutionGuid = {48B9657F-8483-435A-8938-EE1277428CAC}
	EndGlobalSection
EndGlobal
