
Microsoft Visual Studio Solution File, Format Version 12.00
# Visual Studio Version 16
VisualStudioVersion = 16.0.32126.315
MinimumVisualStudioVersion = 10.0.40219.1
Project("{FAE04EC0-301F-11D3-BF4B-00C04F79EFBC}") = "Inner Joining", "Inner Joining\Inner Joining.csproj", "{6B6CE8D6-1AD2-493E-82FA-73565374A2E3}"
EndProject
Global
	GlobalSection(SolutionConfigurationPlatforms) = preSolution
		Debug|Any CPU = Debug|Any CPU
		Release|Any CPU = Release|Any CPU
	EndGlobalSection
	GlobalSection(ProjectConfigurationPlatforms) = postSolution
		{6B6CE8D6-1AD2-493E-82FA-73565374A2E3}.Debug|Any CPU.ActiveCfg = Debug|Any CPU
		{6B6CE8D6-1AD2-493E-82FA-73565374A2E3}.Debug|Any CPU.Build.0 = Debug|Any CPU
		{6B6CE8D6-1AD2-493E-82FA-73565374A2E3}.Release|Any CPU.ActiveCfg = Release|Any CPU
		{6B6CE8D6-1AD2-493E-82FA-73565374A2E3}.Release|Any CPU.Build.0 = Release|Any CPU
	EndGlobalSection
	GlobalSection(SolutionProperties) = preSolution
		HideSolutionNode = FALSE
	EndGlobalSection
	GlobalSection(ExtensibilityGlobals) = postSolution
		SolutionGuid = {CF04D9F9-92A2-42C1-9AA0-F853AD725ED7}
	EndGlobalSection
EndGlobal
