
Microsoft Visual Studio Solution File, Format Version 12.00
# Visual Studio Version 16
VisualStudioVersion = 16.0.32126.315
MinimumVisualStudioVersion = 10.0.40219.1
Project("{FAE04EC0-301F-11D3-BF4B-00C04F79EFBC}") = "Group Join", "Group Join\Group Join.csproj", "{2C3F56BB-F4EA-4439-B96A-E85BAADF3DFD}"
EndProject
Global
	GlobalSection(SolutionConfigurationPlatforms) = preSolution
		Debug|Any CPU = Debug|Any CPU
		Release|Any CPU = Release|Any CPU
	EndGlobalSection
	GlobalSection(ProjectConfigurationPlatforms) = postSolution
		{2C3F56BB-F4EA-4439-B96A-E85BAADF3DFD}.Debug|Any CPU.ActiveCfg = Debug|Any CPU
		{2C3F56BB-F4EA-4439-B96A-E85BAADF3DFD}.Debug|Any CPU.Build.0 = Debug|Any CPU
		{2C3F56BB-F4EA-4439-B96A-E85BAADF3DFD}.Release|Any CPU.ActiveCfg = Release|Any CPU
		{2C3F56BB-F4EA-4439-B96A-E85BAADF3DFD}.Release|Any CPU.Build.0 = Release|Any CPU
	EndGlobalSection
	GlobalSection(SolutionProperties) = preSolution
		HideSolutionNode = FALSE
	EndGlobalSection
	GlobalSection(ExtensibilityGlobals) = postSolution
		SolutionGuid = {D4B528C5-0D2F-4C2C-BE77-6D68790D6C3B}
	EndGlobalSection
EndGlobal
