
Microsoft Visual Studio Solution File, Format Version 12.00
# Visual Studio Version 16
VisualStudioVersion = 16.0.32126.315
MinimumVisualStudioVersion = 10.0.40219.1
Project("{FAE04EC0-301F-11D3-BF4B-00C04F79EFBC}") = "LinqDemo 3", "LinqDemo 3\LinqDemo 3.csproj", "{DFD53C1C-8906-4CED-BD91-C979EC207739}"
EndProject
Global
	GlobalSection(SolutionConfigurationPlatforms) = preSolution
		Debug|Any CPU = Debug|Any CPU
		Release|Any CPU = Release|Any CPU
	EndGlobalSection
	GlobalSection(ProjectConfigurationPlatforms) = postSolution
		{DFD53C1C-8906-4CED-BD91-C979EC207739}.Debug|Any CPU.ActiveCfg = Debug|Any CPU
		{DFD53C1C-8906-4CED-BD91-C979EC207739}.Debug|Any CPU.Build.0 = Debug|Any CPU
		{DFD53C1C-8906-4CED-BD91-C979EC207739}.Release|Any CPU.ActiveCfg = Release|Any CPU
		{DFD53C1C-8906-4CED-BD91-C979EC207739}.Release|Any CPU.Build.0 = Release|Any CPU
	EndGlobalSection
	GlobalSection(SolutionProperties) = preSolution
		HideSolutionNode = FALSE
	EndGlobalSection
	GlobalSection(ExtensibilityGlobals) = postSolution
		SolutionGuid = {F6B783A6-7391-40F5-969F-DAF9F2D7C77A}
	EndGlobalSection
EndGlobal
