
Microsoft Visual Studio Solution File, Format Version 12.00
# Visual Studio Version 16
VisualStudioVersion = 16.0.32126.315
MinimumVisualStudioVersion = 10.0.40219.1
Project("{FAE04EC0-301F-11D3-BF4B-00C04F79EFBC}") = "Filtering operator oftype", "Filtering operator oftype\Filtering operator oftype.csproj", "{E8537239-DFB2-444C-9387-F4B9450FD123}"
EndProject
Global
	GlobalSection(SolutionConfigurationPlatforms) = preSolution
		Debug|Any CPU = Debug|Any CPU
		Release|Any CPU = Release|Any CPU
	EndGlobalSection
	GlobalSection(ProjectConfigurationPlatforms) = postSolution
		{E8537239-DFB2-444C-9387-F4B9450FD123}.Debug|Any CPU.ActiveCfg = Debug|Any CPU
		{E8537239-DFB2-444C-9387-F4B9450FD123}.Debug|Any CPU.Build.0 = Debug|Any CPU
		{E8537239-DFB2-444C-9387-F4B9450FD123}.Release|Any CPU.ActiveCfg = Release|Any CPU
		{E8537239-DFB2-444C-9387-F4B9450FD123}.Release|Any CPU.Build.0 = Release|Any CPU
	EndGlobalSection
	GlobalSection(SolutionProperties) = preSolution
		HideSolutionNode = FALSE
	EndGlobalSection
	GlobalSection(ExtensibilityGlobals) = postSolution
		SolutionGuid = {8976D676-5A49-4974-826A-399852EA6A56}
	EndGlobalSection
EndGlobal
